
Microsoft Visual Studio Solution File, Format Version 12.00
# Visual Studio Version 17
VisualStudioVersion = 17.13.35806.99 d17.13
MinimumVisualStudioVersion = 10.0.40219.1
Project("{FAE04EC0-301F-11D3-BF4B-00C04F79EFBC}") = "LaboratorioNo4Avengers", "LaboratorioNo4Avengers\LaboratorioNo4Avengers.csproj", "{F1336DB6-CD1B-4EF2-9C90-446C07A34623}"
EndProject
Global
	GlobalSection(SolutionConfigurationPlatforms) = preSolution
		Debug|Any CPU = Debug|Any CPU
		Release|Any CPU = Release|Any CPU
	EndGlobalSection
	GlobalSection(ProjectConfigurationPlatforms) = postSolution
		{F1336DB6-CD1B-4EF2-9C90-446C07A34623}.Debug|Any CPU.ActiveCfg = Debug|Any CPU
		{F1336DB6-CD1B-4EF2-9C90-446C07A34623}.Debug|Any CPU.Build.0 = Debug|Any CPU
		{F1336DB6-CD1B-4EF2-9C90-446C07A34623}.Release|Any CPU.ActiveCfg = Release|Any CPU
		{F1336DB6-CD1B-4EF2-9C90-446C07A34623}.Release|Any CPU.Build.0 = Release|Any CPU
	EndGlobalSection
	GlobalSection(SolutionProperties) = preSolution
		HideSolutionNode = FALSE
	EndGlobalSection
	GlobalSection(ExtensibilityGlobals) = postSolution
		SolutionGuid = {74EE5AA1-5CDF-4018-BAAC-4712D9397A9C}
	EndGlobalSection
EndGlobal
